{
  "name": "cjs",
  "version": "1.0.0",
  "lockfileVersion": 2,
  "requires": true,
  "packages": {
    "": {
      "name": "cjs",
      "version": "1.0.0",
      "license": "ISC",
      "dependencies": {
        "js-cjs": "file:../../js/cjs",
        "js-esm": "file:../../js/esm",
        "ts-cjs": "file:../../ts/cjs",
        "ts-esm": "file:../../ts/esm"
      }
    },
    "../../js/cjs": {
      "name": "js-cjs",
      "version": "1.0.0",
      "license": "ISC"
    },
    "../../js/esm": {
      "name": "js-esm",
      "version": "1.0.0",
      "license": "ISC"
    },
    "../../ts/cjs": {
      "name": "ts-cjs",
      "version": "1.0.0",
      "license": "ISC",
      "devDependencies": {
        "tsup": "^6.5.0",
        "typescript": "^4.9.3"
      }
    },
    "../../ts/cjs-esm": {
      "name": "ts-cjs-esm",
      "version": "1.0.0",
      "extraneous": true,
      "license": "ISC",
      "devDependencies": {
        "tsup": "^6.5.0",
        "typescript": "^4.9.3"
      }
    },
    "../../ts/esm": {
      "name": "ts-esm",
      "version": "1.0.0",
      "license": "ISC",
      "devDependencies": {
        "tsup": "^6.5.0",
        "typescript": "^4.9.3"
      }
    },
    "../../ts/esm-cjs": {
      "name": "ts-esm-cjs",
      "version": "1.0.0",
      "extraneous": true,
      "license": "ISC",
      "devDependencies": {
        "tsup": "^6.5.0",
        "typescript": "^4.9.3"
      }
    },
    "node_modules/js-cjs": {
      "resolved": "../../js/cjs",
      "link": true
    },
    "node_modules/js-esm": {
      "resolved": "../../js/esm",
      "link": true
    },
    "node_modules/ts-cjs": {
      "resolved": "../../ts/cjs",
      "link": true
    },
    "node_modules/ts-esm": {
      "resolved": "../../ts/esm",
      "link": true
    }
  },
  "dependencies": {
    "js-cjs": {
      "version": "file:../../js/cjs"
    },
    "js-esm": {
      "version": "file:../../js/esm"
    },
    "ts-cjs": {
      "version": "file:../../ts/cjs",
      "requires": {
        "tsup": "^6.5.0",
        "typescript": "^4.9.3"
      }
    },
    "ts-esm": {
      "version": "file:../../ts/esm",
      "requires": {
        "tsup": "^6.5.0",
        "typescript": "^4.9.3"
      }
    }
  }
}
